Microsoft Visual Studio Solution File, Format Version 12.00
# Visual Studio Version 16
VisualStudioVersion = 16.0.0.0
MinimumVisualStudioVersion = 16.0.0.0
Project("{9A19103F-16F7-4668-BE54-9A1E7A4F7556}") = "BlazorNavara.Server", "Server\BlazorNavara.Server.csproj", "{B3F92D6F-21AC-4569-B4CE-12B5F39ABCD4}"
EndProject
Project("{9A19103F-16F7-4668-BE54-9A1E7A4F7556}") = "BlazorNavara.Client", "Client\BlazorNavara.Client.csproj", "{23DE8A6D-16C7-4E1B-AA74-587C9AB6BE65}"
EndProject
Project("{9A19103F-16F7-4668-BE54-9A1E7A4F7556}") = "BlazorNavara.Shared", "Shared\BlazorNavara.Shared.csproj", "{3BF7A59A-46D4-4ACA-87E6-8B377819B580}"
EndProject
Global
	GlobalSection(SolutionConfigurationPlatforms) = preSolution
		Debug|Any CPU = Debug|Any CPU
		Debug|x64 = Debug|x64
		Debug|x86 = Debug|x86
		Release|Any CPU = Release|Any CPU
		Release|x64 = Release|x64
		Release|x86 = Release|x86
	EndGlobalSection
	GlobalSection(ProjectConfigurationPlatforms) = postSolution
		{23DE8A6D-16C7-4E1B-AA74-587C9AB6BE65}.Debug|Any CPU.ActiveCfg = Debug|Any CPU
		{23DE8A6D-16C7-4E1B-AA74-587C9AB6BE65}.Debug|Any CPU.Build.0 = Debug|Any CPU
		{23DE8A6D-16C7-4E1B-AA74-587C9AB6BE65}.Debug|x64.ActiveCfg = Debug|Any CPU
		{23DE8A6D-16C7-4E1B-AA74-587C9AB6BE65}.Debug|x64.Build.0 = Debug|Any CPU
		{23DE8A6D-16C7-4E1B-AA74-587C9AB6BE65}.Debug|x86.ActiveCfg = Debug|Any CPU
		{23DE8A6D-16C7-4E1B-AA74-587C9AB6BE65}.Debug|x86.Build.0 = Debug|Any CPU
		{23DE8A6D-16C7-4E1B-AA74-587C9AB6BE65}.Release|Any CPU.ActiveCfg = Release|Any CPU
		{23DE8A6D-16C7-4E1B-AA74-587C9AB6BE65}.Release|Any CPU.Build.0 = Release|Any CPU
		{23DE8A6D-16C7-4E1B-AA74-587C9AB6BE65}.Release|x64.ActiveCfg = Release|Any CPU
		{23DE8A6D-16C7-4E1B-AA74-587C9AB6BE65}.Release|x64.Build.0 = Release|Any CPU
		{23DE8A6D-16C7-4E1B-AA74-587C9AB6BE65}.Release|x86.ActiveCfg = Release|Any CPU
		{23DE8A6D-16C7-4E1B-AA74-587C9AB6BE65}.Release|x86.Build.0 = Release|Any CPU
		{B3F92D6F-21AC-4569-B4CE-12B5F39ABCD4}.Debug|Any CPU.ActiveCfg = Debug|Any CPU
		{B3F92D6F-21AC-4569-B4CE-12B5F39ABCD4}.Debug|Any CPU.Build.0 = Debug|Any CPU
		{B3F92D6F-21AC-4569-B4CE-12B5F39ABCD4}.Debug|x64.ActiveCfg = Debug|Any CPU
		{B3F92D6F-21AC-4569-B4CE-12B5F39ABCD4}.Debug|x64.Build.0 = Debug|Any CPU
		{B3F92D6F-21AC-4569-B4CE-12B5F39ABCD4}.Debug|x86.ActiveCfg = Debug|Any CPU
		{B3F92D6F-21AC-4569-B4CE-12B5F39ABCD4}.Debug|x86.Build.0 = Debug|Any CPU
		{B3F92D6F-21AC-4569-B4CE-12B5F39ABCD4}.Release|Any CPU.ActiveCfg = Release|Any CPU
		{B3F92D6F-21AC-4569-B4CE-12B5F39ABCD4}.Release|Any CPU.Build.0 = Release|Any CPU
		{B3F92D6F-21AC-4569-B4CE-12B5F39ABCD4}.Release|x64.ActiveCfg = Release|Any CPU
		{B3F92D6F-21AC-4569-B4CE-12B5F39ABCD4}.Release|x64.Build.0 = Release|Any CPU
		{B3F92D6F-21AC-4569-B4CE-12B5F39ABCD4}.Release|x86.ActiveCfg = Release|Any CPU
		{B3F92D6F-21AC-4569-B4CE-12B5F39ABCD4}.Release|x86.Build.0 = Release|Any CPU
		{3BF7A59A-46D4-4ACA-87E6-8B377819B580}.Debug|Any CPU.ActiveCfg = Debug|Any CPU
		{3BF7A59A-46D4-4ACA-87E6-8B377819B580}.Debug|Any CPU.Build.0 = Debug|Any CPU
		{3BF7A59A-46D4-4ACA-87E6-8B377819B580}.Debug|x64.ActiveCfg = Debug|Any CPU
		{3BF7A59A-46D4-4ACA-87E6-8B377819B580}.Debug|x64.Build.0 = Debug|Any CPU
		{3BF7A59A-46D4-4ACA-87E6-8B377819B580}.Debug|x86.ActiveCfg = Debug|Any CPU
		{3BF7A59A-46D4-4ACA-87E6-8B377819B580}.Debug|x86.Build.0 = Debug|Any CPU
		{3BF7A59A-46D4-4ACA-87E6-8B377819B580}.Release|Any CPU.ActiveCfg = Release|Any CPU
		{3BF7A59A-46D4-4ACA-87E6-8B377819B580}.Release|Any CPU.Build.0 = Release|Any CPU
		{3BF7A59A-46D4-4ACA-87E6-8B377819B580}.Release|x64.ActiveCfg = Release|Any CPU
		{3BF7A59A-46D4-4ACA-87E6-8B377819B580}.Release|x64.Build.0 = Release|Any CPU
		{3BF7A59A-46D4-4ACA-87E6-8B377819B580}.Release|x86.ActiveCfg = Release|Any CPU
		{3BF7A59A-46D4-4ACA-87E6-8B377819B580}.Release|x86.Build.0 = Release|Any CPU
	EndGlobalSection
	GlobalSection(SolutionProperties) = preSolution
		HideSolutionNode = FALSE
	EndGlobalSection
	GlobalSection(ExtensibilityGlobals) = postSolution
		SolutionGuid = {4C8CBBF4-7B10-4A13-B3FA-E42576644E3E}
	EndGlobalSection
EndGlobal